// !$*UTF8*$!
{
	archiveVersion = 1;
	classes = {
	};
	objectVersion = 46;
	objects = {

/* Begin PBXBuildFile section */
		787BC6B9F0654166BD9D018E /* libPods.a in Frameworks */ = {isa = PBXBuildFile; fileRef = 8692E4B787A84C40AB6456F4 /* libPods.a */; };
		7903915F19A6BF1900790372 /* Foundation.framework in Frameworks */ = {isa = PBXBuildFile; fileRef = 7903915E19A6BF1900790372 /* Foundation.framework */; };
		7903916119A6BF1900790372 /* CoreGraphics.framework in Frameworks */ = {isa = PBXBuildFile; fileRef = 7903916019A6BF1900790372 /* CoreGraphics.framework */; };
		7903916319A6BF1900790372 /* UIKit.framework in Frameworks */ = {isa = PBXBuildFile; fileRef = 7903916219A6BF1900790372 /* UIKit.framework */; };
		7903916919A6BF1900790372 /* InfoPlist.strings in Resources */ = {isa = PBXBuildFile; fileRef = 7903916719A6BF1900790372 /* InfoPlist.strings */; };
		7903916B19A6BF1900790372 /* main.m in Sources */ = {isa = PBXBuildFile; fileRef = 7903916A19A6BF1900790372 /* main.m */; };
		7903916F19A6BF1900790372 /* AppDelegate.m in Sources */ = {isa = PBXBuildFile; fileRef = 7903916E19A6BF1900790372 /* AppDelegate.m */; };
		7903917219A6BF1900790372 /* Main.storyboard in Resources */ = {isa = PBXBuildFile; fileRef = 7903917019A6BF1900790372 /* Main.storyboard */; };
		7903917519A6BF1900790372 /* MapViewController.m in Sources */ = {isa = PBXBuildFile; fileRef = 7903917419A6BF1900790372 /* MapViewController.m */; };
		7903917719A6BF1900790372 /* Images.xcassets in Resources */ = {isa = PBXBuildFile; fileRef = 7903917619A6BF1900790372 /* Images.xcassets */; };
		7903917E19A6BF1900790372 /* XCTest.framework in Frameworks */ = {isa = PBXBuildFile; fileRef = 7903917D19A6BF1900790372 /* XCTest.framework */; };
		7903917F19A6BF1900790372 /* Foundation.framework in Frameworks */ = {isa = PBXBuildFile; fileRef = 7903915E19A6BF1900790372 /* Foundation.framework */; };
		7903918019A6BF1900790372 /* UIKit.framework in Frameworks */ = {isa = PBXBuildFile; fileRef = 7903916219A6BF1900790372 /* UIKit.framework */; };
		7903918819A6BF1900790372 /* InfoPlist.strings in Resources */ = {isa = PBXBuildFile; fileRef = 7903918619A6BF1900790372 /* InfoPlist.strings */; };
		7903918A19A6BF1900790372 /* ProxiMapTests.m in Sources */ = {isa = PBXBuildFile; fileRef = 7903918919A6BF1900790372 /* ProxiMapTests.m */; };
		7903919419A6C01700790372 /* MapKit.framework in Frameworks */ = {isa = PBXBuildFile; fileRef = 7903919319A6C01700790372 /* MapKit.framework */; };
		79351A3919B407FA005A4B2E /* ParseDataHandler.m in Sources */ = {isa = PBXBuildFile; fileRef = 79351A3819B407FA005A4B2E /* ParseDataHandler.m */; };
		799B147A19AC24E300F5AB3F /* AudioToolbox.framework in Frameworks */ = {isa = PBXBuildFile; fileRef = 799B147119AC24E300F5AB3F /* AudioToolbox.framework */; };
		799B147B19AC24E300F5AB3F /* CFNetwork.framework in Frameworks */ = {isa = PBXBuildFile; fileRef = 799B147219AC24E300F5AB3F /* CFNetwork.framework */; };
		799B147C19AC24E300F5AB3F /* CoreLocation.framework in Frameworks */ = {isa = PBXBuildFile; fileRef = 799B147319AC24E300F5AB3F /* CoreLocation.framework */; };
		799B147D19AC24E300F5AB3F /* libz.dylib in Frameworks */ = {isa = PBXBuildFile; fileRef = 799B147419AC24E300F5AB3F /* libz.dylib */; };
		799B147E19AC24E300F5AB3F /* MobileCoreServices.framework in Frameworks */ = {isa = PBXBuildFile; fileRef = 799B147519AC24E300F5AB3F /* MobileCoreServices.framework */; };
		799B147F19AC24E300F5AB3F /* QuartzCore.framework in Frameworks */ = {isa = PBXBuildFile; fileRef = 799B147619AC24E300F5AB3F /* QuartzCore.framework */; };
		799B148019AC24E300F5AB3F /* Security.framework in Frameworks */ = {isa = PBXBuildFile; fileRef = 799B147719AC24E300F5AB3F /* Security.framework */; };
		799B148119AC24E300F5AB3F /* StoreKit.framework in Frameworks */ = {isa = PBXBuildFile; fileRef = 799B147819AC24E300F5AB3F /* StoreKit.framework */; };
		799B148219AC24E300F5AB3F /* SystemConfiguration.framework in Frameworks */ = {isa = PBXBuildFile; fileRef = 799B147919AC24E300F5AB3F /* SystemConfiguration.framework */; };
		79A2A96919B12960005BB9AC /* CurrentUserAnn.m in Sources */ = {isa = PBXBuildFile; fileRef = 79A2A96819B12960005BB9AC /* CurrentUserAnn.m */; };
		79A2A96C19B14A14005BB9AC /* LoginViewController.m in Sources */ = {isa = PBXBuildFile; fileRef = 79A2A96A19B14A14005BB9AC /* LoginViewController.m */; };
		79A2A96F19B14A32005BB9AC /* SigninViewController.m in Sources */ = {isa = PBXBuildFile; fileRef = 79A2A96D19B14A32005BB9AC /* SigninViewController.m */; };
		79FA3FB119B37987004B66AF /* EditView.m in Sources */ = {isa = PBXBuildFile; fileRef = 79FA3FB019B37987004B66AF /* EditView.m */; };
		E7ACCC7119C8C9660041577C /* PMRadialGradientLayer.m in Sources */ = {isa = PBXBuildFile; fileRef = E7ACCC7019C8C9660041577C /* PMRadialGradientLayer.m */; };
		E7ACCC7419C8CB460041577C /* PMColor.m in Sources */ = {isa = PBXBuildFile; fileRef = E7ACCC7319C8CB460041577C /* PMColor.m */; };
		E7ACCC7A19C8CC840041577C /* ListView.m in Sources */ = {isa = PBXBuildFile; fileRef = E7ACCC7919C8CC840041577C /* ListView.m */; };
		E7ACCC7D19C8D6870041577C /* ListViewController.m in Sources */ = {isa = PBXBuildFile; fileRef = E7ACCC7C19C8D6870041577C /* ListViewController.m */; };
/* End PBXBuildFile section */

/* Begin PBXContainerItemProxy section */
		7903918119A6BF1900790372 /* PBXContainerItemProxy */ = {
			isa = PBXContainerItemProxy;
			containerPortal = 7903915319A6BF1900790372 /* Project object */;
			proxyType = 1;
			remoteGlobalIDString = 7903915A19A6BF1900790372;
			remoteInfo = ProxiMap;
		};
/* End PBXContainerItemProxy section */

/* Begin PBXFileReference section */
		09425026325F4B6090AB6F2F /* Pods.xcconfig */ = {isa = PBXFileReference; includeInIndex = 1; lastKnownFileType = text.xcconfig; name = Pods.xcconfig; path = Pods/Pods.xcconfig; sourceTree = "<group>"; };
		7903915B19A6BF1900790372 /* ProxiMap.app */ = {isa = PBXFileReference; explicitFileType = wrapper.application; includeInIndex = 0; path = ProxiMap.app; sourceTree = BUILT_PRODUCTS_DIR; };
		7903915E19A6BF1900790372 /* Foundation.framework */ = {isa = PBXFileReference; lastKnownFileType = wrapper.framework; name = Foundation.framework; path = System/Library/Frameworks/Foundation.framework; sourceTree = SDKROOT; };
		7903916019A6BF1900790372 /* CoreGraphics.framework */ = {isa = PBXFileReference; lastKnownFileType = wrapper.framework; name = CoreGraphics.framework; path = System/Library/Frameworks/CoreGraphics.framework; sourceTree = SDKROOT; };
		7903916219A6BF1900790372 /* UIKit.framework */ = {isa = PBXFileReference; lastKnownFileType = wrapper.framework; name = UIKit.framework; path = System/Library/Frameworks/UIKit.framework; sourceTree = SDKROOT; };
		7903916619A6BF1900790372 /* ProxiMap-Info.plist */ = {isa = PBXFileReference; lastKnownFileType = text.plist.xml; path = "ProxiMap-Info.plist"; sourceTree = "<group>"; };
		7903916819A6BF1900790372 /* en */ = {isa = PBXFileReference; lastKnownFileType = text.plist.strings; name = en; path = en.lproj/InfoPlist.strings; sourceTree = "<group>"; };
		7903916A19A6BF1900790372 /* main.m */ = {isa = PBXFileReference; lastKnownFileType = sourcecode.c.objc; path = main.m; sourceTree = "<group>"; };
		7903916C19A6BF1900790372 /* ProxiMap-Prefix.pch */ = {isa = PBXFileReference; lastKnownFileType = sourcecode.c.h; path = "ProxiMap-Prefix.pch"; sourceTree = "<group>"; };
		7903916D19A6BF1900790372 /* AppDelegate.h */ = {isa = PBXFileReference; lastKnownFileType = sourcecode.c.h; path = AppDelegate.h; sourceTree = "<group>"; };
		7903916E19A6BF1900790372 /* AppDelegate.m */ = {isa = PBXFileReference; lastKnownFileType = sourcecode.c.objc; path = AppDelegate.m; sourceTree = "<group>"; };
		7903917119A6BF1900790372 /* Base */ = {isa = PBXFileReference; lastKnownFileType = file.storyboard; name = Base; path = Base.lproj/Main.storyboard; sourceTree = "<group>"; };
		7903917319A6BF1900790372 /* MapViewController.h */ = {isa = PBXFileReference; lastKnownFileType = sourcecode.c.h; path = MapViewController.h; sourceTree = "<group>"; };
		7903917419A6BF1900790372 /* MapViewController.m */ = {isa = PBXFileReference; lastKnownFileType = sourcecode.c.objc; path = MapViewController.m; sourceTree = "<group>"; };
		7903917619A6BF1900790372 /* Images.xcassets */ = {isa = PBXFileReference; lastKnownFileType = folder.assetcatalog; path = Images.xcassets; sourceTree = "<group>"; };
		7903917C19A6BF1900790372 /* ProxiMapTests.xctest */ = {isa = PBXFileReference; explicitFileType = wrapper.cfbundle; includeInIndex = 0; path = ProxiMapTests.xctest; sourceTree = BUILT_PRODUCTS_DIR; };
		7903917D19A6BF1900790372 /* XCTest.framework */ = {isa = PBXFileReference; lastKnownFileType = wrapper.framework; name = XCTest.framework; path = Library/Frameworks/XCTest.framework; sourceTree = DEVELOPER_DIR; };
		7903918519A6BF1900790372 /* ProxiMapTests-Info.plist */ = {isa = PBXFileReference; lastKnownFileType = text.plist.xml; path = "ProxiMapTests-Info.plist"; sourceTree = "<group>"; };
		7903918719A6BF1900790372 /* en */ = {isa = PBXFileReference; lastKnownFileType = text.plist.strings; name = en; path = en.lproj/InfoPlist.strings; sourceTree = "<group>"; };
		7903918919A6BF1900790372 /* ProxiMapTests.m */ = {isa = PBXFileReference; lastKnownFileType = sourcecode.c.objc; path = ProxiMapTests.m; sourceTree = "<group>"; };
		7903919319A6C01700790372 /* MapKit.framework */ = {isa = PBXFileReference; lastKnownFileType = wrapper.framework; name = MapKit.framework; path = System/Library/Frameworks/MapKit.framework; sourceTree = SDKROOT; };
		79351A3719B407FA005A4B2E /* ParseDataHandler.h */ = {isa = PBXFileReference; fileEncoding = 4; lastKnownFileType = sourcecode.c.h; path = ParseDataHandler.h; sourceTree = "<group>"; };
		79351A3819B407FA005A4B2E /* ParseDataHandler.m */ = {isa = PBXFileReference; fileEncoding = 4; lastKnownFileType = sourcecode.c.objc; path = ParseDataHandler.m; sourceTree = "<group>"; };
		799B147119AC24E300F5AB3F /* AudioToolbox.framework */ = {isa = PBXFileReference; lastKnownFileType = wrapper.framework; name = AudioToolbox.framework; path = System/Library/Frameworks/AudioToolbox.framework; sourceTree = SDKROOT; };
		799B147219AC24E300F5AB3F /* CFNetwork.framework */ = {isa = PBXFileReference; lastKnownFileType = wrapper.framework; name = CFNetwork.framework; path = System/Library/Frameworks/CFNetwork.framework; sourceTree = SDKROOT; };
		799B147319AC24E300F5AB3F /* CoreLocation.framework */ = {isa = PBXFileReference; lastKnownFileType = wrapper.framework; name = CoreLocation.framework; path = System/Library/Frameworks/CoreLocation.framework; sourceTree = SDKROOT; };
		799B147419AC24E300F5AB3F /* libz.dylib */ = {isa = PBXFileReference; lastKnownFileType = "compiled.mach-o.dylib"; name = libz.dylib; path = usr/lib/libz.dylib; sourceTree = SDKROOT; };
		799B147519AC24E300F5AB3F /* MobileCoreServices.framework */ = {isa = PBXFileReference; lastKnownFileType = wrapper.framework; name = MobileCoreServices.framework; path = System/Library/Frameworks/MobileCoreServices.framework; sourceTree = SDKROOT; };
		799B147619AC24E300F5AB3F /* QuartzCore.framework */ = {isa = PBXFileReference; lastKnownFileType = wrapper.framework; name = QuartzCore.framework; path = System/Library/Frameworks/QuartzCore.framework; sourceTree = SDKROOT; };
		799B147719AC24E300F5AB3F /* Security.framework */ = {isa = PBXFileReference; lastKnownFileType = wrapper.framework; name = Security.framework; path = System/Library/Frameworks/Security.framework; sourceTree = SDKROOT; };
		799B147819AC24E300F5AB3F /* StoreKit.framework */ = {isa = PBXFileReference; lastKnownFileType = wrapper.framework; name = StoreKit.framework; path = System/Library/Frameworks/StoreKit.framework; sourceTree = SDKROOT; };
		799B147919AC24E300F5AB3F /* SystemConfiguration.framework */ = {isa = PBXFileReference; lastKnownFileType = wrapper.framework; name = SystemConfiguration.framework; path = System/Library/Frameworks/SystemConfiguration.framework; sourceTree = SDKROOT; };
		79A2A96719B12960005BB9AC /* CurrentUserAnn.h */ = {isa = PBXFileReference; fileEncoding = 4; lastKnownFileType = sourcecode.c.h; name = CurrentUserAnn.h; path = ../CurrentUserAnn.h; sourceTree = "<group>"; };
		79A2A96819B12960005BB9AC /* CurrentUserAnn.m */ = {isa = PBXFileReference; fileEncoding = 4; lastKnownFileType = sourcecode.c.objc; name = CurrentUserAnn.m; path = ../CurrentUserAnn.m; sourceTree = "<group>"; };
		79A2A96A19B14A14005BB9AC /* LoginViewController.m */ = {isa = PBXFileReference; fileEncoding = 4; lastKnownFileType = sourcecode.c.objc; path = LoginViewController.m; sourceTree = "<group>"; };
		79A2A96B19B14A14005BB9AC /* LoginViewController.h */ = {isa = PBXFileReference; fileEncoding = 4; lastKnownFileType = sourcecode.c.h; path = LoginViewController.h; sourceTree = "<group>"; };
		79A2A96D19B14A32005BB9AC /* SigninViewController.m */ = {isa = PBXFileReference; fileEncoding = 4; lastKnownFileType = sourcecode.c.objc; path = SigninViewController.m; sourceTree = "<group>"; };
		79A2A96E19B14A32005BB9AC /* SigninViewController.h */ = {isa = PBXFileReference; fileEncoding = 4; lastKnownFileType = sourcecode.c.h; path = SigninViewController.h; sourceTree = "<group>"; };
		79FA3FAF19B37987004B66AF /* EditView.h */ = {isa = PBXFileReference; fileEncoding = 4; lastKnownFileType = sourcecode.c.h; path = EditView.h; sourceTree = "<group>"; };
		79FA3FB019B37987004B66AF /* EditView.m */ = {isa = PBXFileReference; fileEncoding = 4; lastKnownFileType = sourcecode.c.objc; path = EditView.m; sourceTree = "<group>"; };
		8692E4B787A84C40AB6456F4 /* libPods.a */ = {isa = PBXFileReference; explicitFileType = archive.ar; includeInIndex = 0; path = libPods.a; sourceTree = BUILT_PRODUCTS_DIR; };
		E7ACCC6F19C8C9660041577C /* PMRadialGradientLayer.h */ = {isa = PBXFileReference; fileEncoding = 4; lastKnownFileType = sourcecode.c.h; path = PMRadialGradientLayer.h; sourceTree = "<group>"; };
		E7ACCC7019C8C9660041577C /* PMRadialGradientLayer.m */ = {isa = PBXFileReference; fileEncoding = 4; lastKnownFileType = sourcecode.c.objc; path = PMRadialGradientLayer.m; sourceTree = "<group>"; };
		E7ACCC7219C8CB460041577C /* PMColor.h */ = {isa = PBXFileReference; fileEncoding = 4; lastKnownFileType = sourcecode.c.h; path = PMColor.h; sourceTree = "<group>"; };
		E7ACCC7319C8CB460041577C /* PMColor.m */ = {isa = PBXFileReference; fileEncoding = 4; lastKnownFileType = sourcecode.c.objc; path = PMColor.m; sourceTree = "<group>"; };
		E7ACCC7819C8CC840041577C /* ListView.h */ = {isa = PBXFileReference; fileEncoding = 4; lastKnownFileType = sourcecode.c.h; path = ListView.h; sourceTree = "<group>"; };
		E7ACCC7919C8CC840041577C /* ListView.m */ = {isa = PBXFileReference; fileEncoding = 4; lastKnownFileType = sourcecode.c.objc; path = ListView.m; sourceTree = "<group>"; };
		E7ACCC7B19C8D6870041577C /* ListViewController.h */ = {isa = PBXFileReference; fileEncoding = 4; lastKnownFileType = sourcecode.c.h; path = ListViewController.h; sourceTree = "<group>"; };
		E7ACCC7C19C8D6870041577C /* ListViewController.m */ = {isa = PBXFileReference; fileEncoding = 4; lastKnownFileType = sourcecode.c.objc; path = ListViewController.m; sourceTree = "<group>"; };
/* End PBXFileReference section */

/* Begin PBXFrameworksBuildPhase section */
		7903915819A6BF1900790372 /* Frameworks */ = {
			isa = PBXFrameworksBuildPhase;
			buildActionMask = 2147483647;
			files = (
				799B147A19AC24E300F5AB3F /* AudioToolbox.framework in Frameworks */,
				799B147B19AC24E300F5AB3F /* CFNetwork.framework in Frameworks */,
				799B147C19AC24E300F5AB3F /* CoreLocation.framework in Frameworks */,
				799B147D19AC24E300F5AB3F /* libz.dylib in Frameworks */,
				799B147E19AC24E300F5AB3F /* MobileCoreServices.framework in Frameworks */,
				799B147F19AC24E300F5AB3F /* QuartzCore.framework in Frameworks */,
				799B148019AC24E300F5AB3F /* Security.framework in Frameworks */,
				799B148119AC24E300F5AB3F /* StoreKit.framework in Frameworks */,
				799B148219AC24E300F5AB3F /* SystemConfiguration.framework in Frameworks */,
				7903916119A6BF1900790372 /* CoreGraphics.framework in Frameworks */,
				7903919419A6C01700790372 /* MapKit.framework in Frameworks */,
				7903916319A6BF1900790372 /* UIKit.framework in Frameworks */,
				7903915F19A6BF1900790372 /* Foundation.framework in Frameworks */,
				787BC6B9F0654166BD9D018E /* libPods.a in Frameworks */,
			);
			runOnlyForDeploymentPostprocessing = 0;
		};
		7903917919A6BF1900790372 /* Frameworks */ = {
			isa = PBXFrameworksBuildPhase;
			buildActionMask = 2147483647;
			files = (
				7903917E19A6BF1900790372 /* XCTest.framework in Frameworks */,
				7903918019A6BF1900790372 /* UIKit.framework in Frameworks */,
				7903917F19A6BF1900790372 /* Foundation.framework in Frameworks */,
			);
			runOnlyForDeploymentPostprocessing = 0;
		};
/* End PBXFrameworksBuildPhase section */

/* Begin PBXGroup section */
		7903915219A6BF1900790372 = {
			isa = PBXGroup;
			children = (
				7903917019A6BF1900790372 /* Main.storyboard */,
				7903916419A6BF1900790372 /* ProxiMap */,
				7903918319A6BF1900790372 /* ProxiMapTests */,
				7903915D19A6BF1900790372 /* Frameworks */,
				7903915C19A6BF1900790372 /* Products */,
				09425026325F4B6090AB6F2F /* Pods.xcconfig */,
			);
			sourceTree = "<group>";
		};
		7903915C19A6BF1900790372 /* Products */ = {
			isa = PBXGroup;
			children = (
				7903915B19A6BF1900790372 /* ProxiMap.app */,
				7903917C19A6BF1900790372 /* ProxiMapTests.xctest */,
			);
			name = Products;
			sourceTree = "<group>";
		};
		7903915D19A6BF1900790372 /* Frameworks */ = {
			isa = PBXGroup;
			children = (
				799B147119AC24E300F5AB3F /* AudioToolbox.framework */,
				799B147219AC24E300F5AB3F /* CFNetwork.framework */,
				799B147319AC24E300F5AB3F /* CoreLocation.framework */,
				799B147419AC24E300F5AB3F /* libz.dylib */,
				799B147519AC24E300F5AB3F /* MobileCoreServices.framework */,
				799B147619AC24E300F5AB3F /* QuartzCore.framework */,
				799B147719AC24E300F5AB3F /* Security.framework */,
				799B147819AC24E300F5AB3F /* StoreKit.framework */,
				799B147919AC24E300F5AB3F /* SystemConfiguration.framework */,
				7903919319A6C01700790372 /* MapKit.framework */,
				7903915E19A6BF1900790372 /* Foundation.framework */,
				7903916019A6BF1900790372 /* CoreGraphics.framework */,
				7903916219A6BF1900790372 /* UIKit.framework */,
				7903917D19A6BF1900790372 /* XCTest.framework */,
				8692E4B787A84C40AB6456F4 /* libPods.a */,
			);
			name = Frameworks;
			sourceTree = "<group>";
		};
		7903916419A6BF1900790372 /* ProxiMap */ = {
			isa = PBXGroup;
			children = (
				7903916D19A6BF1900790372 /* AppDelegate.h */,
				7903916E19A6BF1900790372 /* AppDelegate.m */,
				79A2A96719B12960005BB9AC /* CurrentUserAnn.h */,
				79A2A96819B12960005BB9AC /* CurrentUserAnn.m */,
				79A2A96B19B14A14005BB9AC /* LoginViewController.h */,
				79A2A96A19B14A14005BB9AC /* LoginViewController.m */,
				7903917319A6BF1900790372 /* MapViewController.h */,
				7903917419A6BF1900790372 /* MapViewController.m */,
				E7ACCC6F19C8C9660041577C /* PMRadialGradientLayer.h */,
				E7ACCC7019C8C9660041577C /* PMRadialGradientLayer.m */,
				79351A3719B407FA005A4B2E /* ParseDataHandler.h */,
				79351A3819B407FA005A4B2E /* ParseDataHandler.m */,
				79FA3FAF19B37987004B66AF /* EditView.h */,
				79FA3FB019B37987004B66AF /* EditView.m */,
				E7ACCC7219C8CB460041577C /* PMColor.h */,
				E7ACCC7319C8CB460041577C /* PMColor.m */,
				79A2A96D19B14A32005BB9AC /* SigninViewController.m */,
				79A2A96E19B14A32005BB9AC /* SigninViewController.h */,
				E7ACCC7819C8CC840041577C /* ListView.h */,
				E7ACCC7919C8CC840041577C /* ListView.m */,
				E7ACCC7B19C8D6870041577C /* ListViewController.h */,
				E7ACCC7C19C8D6870041577C /* ListViewController.m */,
				7903917619A6BF1900790372 /* Images.xcassets */,
				7903916519A6BF1900790372 /* Supporting Files */,
			);
			path = ProxiMap;
			sourceTree = "<group>";
		};
		7903916519A6BF1900790372 /* Supporting Files */ = {
			isa = PBXGroup;
			children = (
				7903916619A6BF1900790372 /* ProxiMap-Info.plist */,
				7903916719A6BF1900790372 /* InfoPlist.strings */,
				7903916A19A6BF1900790372 /* main.m */,
				7903916C19A6BF1900790372 /* ProxiMap-Prefix.pch */,
			);
			name = "Supporting Files";
			sourceTree = "<group>";
		};
		7903918319A6BF1900790372 /* ProxiMapTests */ = {
			isa = PBXGroup;
			children = (
				7903918919A6BF1900790372 /* ProxiMapTests.m */,
				7903918419A6BF1900790372 /* Supporting Files */,
			);
			path = ProxiMapTests;
			sourceTree = "<group>";
		};
		7903918419A6BF1900790372 /* Supporting Files */ = {
			isa = PBXGroup;
			children = (
				7903918519A6BF1900790372 /* ProxiMapTests-Info.plist */,
				7903918619A6BF1900790372 /* InfoPlist.strings */,
			);
			name = "Supporting Files";
			sourceTree = "<group>";
		};
/* End PBXGroup section */

/* Begin PBXNativeTarget section */
		7903915A19A6BF1900790372 /* ProxiMap */ = {
			isa = PBXNativeTarget;
			buildConfigurationList = 7903918D19A6BF1900790372 /* Build configuration list for PBXNativeTarget "ProxiMap" */;
			buildPhases = (
				A21AC1AEE2404750B3141DC1 /* Check Pods Manifest.lock */,
				7903915719A6BF1900790372 /* Sources */,
				7903915819A6BF1900790372 /* Frameworks */,
				7903915919A6BF1900790372 /* Resources */,
				0B1A1630DA884E7E818C9DCD /* Copy Pods Resources */,
			);
			buildRules = (
			);
			dependencies = (
			);
			name = ProxiMap;
			productName = ProxiMap;
			productReference = 7903915B19A6BF1900790372 /* ProxiMap.app */;
			productType = "com.apple.product-type.application";
		};
		7903917B19A6BF1900790372 /* ProxiMapTests */ = {
			isa = PBXNativeTarget;
			buildConfigurationList = 7903919019A6BF1900790372 /* Build configuration list for PBXNativeTarget "ProxiMapTests" */;
			buildPhases = (
				7903917819A6BF1900790372 /* Sources */,
				7903917919A6BF1900790372 /* Frameworks */,
				7903917A19A6BF1900790372 /* Resources */,
			);
			buildRules = (
			);
			dependencies = (
				7903918219A6BF1900790372 /* PBXTargetDependency */,
			);
			name = ProxiMapTests;
			productName = ProxiMapTests;
			productReference = 7903917C19A6BF1900790372 /* ProxiMapTests.xctest */;
			productType = "com.apple.product-type.bundle.unit-test";
		};
/* End PBXNativeTarget section */

/* Begin PBXProject section */
		7903915319A6BF1900790372 /* Project object */ = {
			isa = PBXProject;
			attributes = {
				LastUpgradeCheck = 0510;
				ORGANIZATIONNAME = "Dan Hogan";
				TargetAttributes = {
					7903917B19A6BF1900790372 = {
						TestTargetID = 7903915A19A6BF1900790372;
					};
				};
			};
			buildConfigurationList = 7903915619A6BF1900790372 /* Build configuration list for PBXProject "ProxiMap" */;
			compatibilityVersion = "Xcode 3.2";
			developmentRegion = English;
			hasScannedForEncodings = 0;
			knownRegions = (
				en,
				Base,
			);
			mainGroup = 7903915219A6BF1900790372;
			productRefGroup = 7903915C19A6BF1900790372 /* Products */;
			projectDirPath = "";
			projectRoot = "";
			targets = (
				7903915A19A6BF1900790372 /* ProxiMap */,
				7903917B19A6BF1900790372 /* ProxiMapTests */,
			);
		};
/* End PBXProject section */

/* Begin PBXResourcesBuildPhase section */
		7903915919A6BF1900790372 /* Resources */ = {
			isa = PBXResourcesBuildPhase;
			buildActionMask = 2147483647;
			files = (
				7903917719A6BF1900790372 /* Images.xcassets in Resources */,
				7903916919A6BF1900790372 /* InfoPlist.strings in Resources */,
				7903917219A6BF1900790372 /* Main.storyboard in Resources */,
			);
			runOnlyForDeploymentPostprocessing = 0;
		};
		7903917A19A6BF1900790372 /* Resources */ = {
			isa = PBXResourcesBuildPhase;
			buildActionMask = 2147483647;
			files = (
				7903918819A6BF1900790372 /* InfoPlist.strings in Resources */,
			);
			runOnlyForDeploymentPostprocessing = 0;
		};
/* End PBXResourcesBuildPhase section */

/* Begin PBXShellScriptBuildPhase section */
		0B1A1630DA884E7E818C9DCD /* Copy Pods Resources */ = {
			isa = PBXShellScriptBuildPhase;
			buildActionMask = 2147483647;
			files = (
			);
			inputPaths = (
			);
			name = "Copy Pods Resources";
			outputPaths = (
			);
			runOnlyForDeploymentPostprocessing = 0;
			shellPath = /bin/sh;
			shellScript = "\"${SRCROOT}/Pods/Pods-resources.sh\"\n";
			showEnvVarsInLog = 0;
		};
		A21AC1AEE2404750B3141DC1 /* Check Pods Manifest.lock */ = {
			isa = PBXShellScriptBuildPhase;
			buildActionMask = 2147483647;
			files = (
			);
			inputPaths = (
			);
			name = "Check Pods Manifest.lock";
			outputPaths = (
			);
			runOnlyForDeploymentPostprocessing = 0;
			shellPath = /bin/sh;
			shellScript = "diff \"${PODS_ROOT}/../Podfile.lock\" \"${PODS_ROOT}/Manifest.lock\" > /dev/null\nif [[ $? != 0 ]] ; then\n    cat << EOM\nerror: The sandbox is not in sync with the Podfile.lock. Run 'pod install' or update your CocoaPods installation.\nEOM\n    exit 1\nfi\n";
			showEnvVarsInLog = 0;
		};
/* End PBXShellScriptBuildPhase section */

/* Begin PBXSourcesBuildPhase section */
		7903915719A6BF1900790372 /* Sources */ = {
			isa = PBXSourcesBuildPhase;
			buildActionMask = 2147483647;
			files = (
				E7ACCC7119C8C9660041577C /* PMRadialGradientLayer.m in Sources */,
				79A2A96F19B14A32005BB9AC /* SigninViewController.m in Sources */,
				7903917519A6BF1900790372 /* MapViewController.m in Sources */,
				E7ACCC7419C8CB460041577C /* PMColor.m in Sources */,
				7903916F19A6BF1900790372 /* AppDelegate.m in Sources */,
				79351A3919B407FA005A4B2E /* ParseDataHandler.m in Sources */,
				79A2A96C19B14A14005BB9AC /* LoginViewController.m in Sources */,
				79A2A96919B12960005BB9AC /* CurrentUserAnn.m in Sources */,
				7903916B19A6BF1900790372 /* main.m in Sources */,
				E7ACCC7A19C8CC840041577C /* ListView.m in Sources */,
				E7ACCC7D19C8D6870041577C /* ListViewController.m in Sources */,
				79FA3FB119B37987004B66AF /* EditView.m in Sources */,
			);
			runOnlyForDeploymentPostprocessing = 0;
		};
		7903917819A6BF1900790372 /* Sources */ = {
			isa = PBXSourcesBuildPhase;
			buildActionMask = 2147483647;
			files = (
				7903918A19A6BF1900790372 /* ProxiMapTests.m in Sources */,
			);
			runOnlyForDeploymentPostprocessing = 0;
		};
/* End PBXSourcesBuildPhase section */

/* Begin PBXTargetDependency section */
		7903918219A6BF1900790372 /* PBXTargetDependency */ = {
			isa = PBXTargetDependency;
			target = 7903915A19A6BF1900790372 /* ProxiMap */;
			targetProxy = 7903918119A6BF1900790372 /* PBXContainerItemProxy */;
		};
/* End PBXTargetDependency section */

/* Begin PBXVariantGroup section */
		7903916719A6BF1900790372 /* InfoPlist.strings */ = {
			isa = PBXVariantGroup;
			children = (
				7903916819A6BF1900790372 /* en */,
			);
			name = InfoPlist.strings;
			sourceTree = "<group>";
		};
		7903917019A6BF1900790372 /* Main.storyboard */ = {
			isa = PBXVariantGroup;
			children = (
				7903917119A6BF1900790372 /* Base */,
			);
			name = Main.storyboard;
			path = ProxiMap;
			sourceTree = "<group>";
		};
		7903918619A6BF1900790372 /* InfoPlist.strings */ = {
			isa = PBXVariantGroup;
			children = (
				7903918719A6BF1900790372 /* en */,
			);
			name = InfoPlist.strings;
			sourceTree = "<group>";
		};
/* End PBXVariantGroup section */

/* Begin XCBuildConfiguration section */
		7903918B19A6BF1900790372 /* Debug */ = {
			isa = XCBuildConfiguration;
			buildSettings = {
				ALWAYS_SEARCH_USER_PATHS = NO;
				CLANG_CXX_LANGUAGE_STANDARD = "gnu++0x";
				CLANG_CXX_LIBRARY = "libc++";
				CLANG_ENABLE_MODULES = YES;
				CLANG_ENABLE_OBJC_ARC = YES;
				CLANG_WARN_BOOL_CONVERSION = YES;
				CLANG_WARN_CONSTANT_CONVERSION = YES;
				CLANG_WARN_DIRECT_OBJC_ISA_USAGE = YES_ERROR;
				CLANG_WARN_EMPTY_BODY = YES;
				CLANG_WARN_ENUM_CONVERSION = YES;
				CLANG_WARN_INT_CONVERSION = YES;
				CLANG_WARN_OBJC_ROOT_CLASS = YES_ERROR;
				CLANG_WARN__DUPLICATE_METHOD_MATCH = YES;
				"CODE_SIGN_IDENTITY[sdk=iphoneos*]" = "iPhone Developer";
				COPY_PHASE_STRIP = NO;
				GCC_C_LANGUAGE_STANDARD = gnu99;
				GCC_DYNAMIC_NO_PIC = NO;
				GCC_OPTIMIZATION_LEVEL = 0;
				GCC_PREPROCESSOR_DEFINITIONS = (
					"DEBUG=1",
					"$(inherited)",
				);
				GCC_SYMBOLS_PRIVATE_EXTERN = NO;
				GCC_WARN_64_TO_32_BIT_CONVERSION = YES;
				GCC_WARN_ABOUT_RETURN_TYPE = YES_ERROR;
				GCC_WARN_UNDECLARED_SELECTOR = YES;
				GCC_WARN_UNINITIALIZED_AUTOS = YES_AGGRESSIVE;
				GCC_WARN_UNUSED_FUNCTION = YES;
				GCC_WARN_UNUSED_VARIABLE = YES;
				IPHONEOS_DEPLOYMENT_TARGET = 7.1;
				ONLY_ACTIVE_ARCH = YES;
				SDKROOT = iphoneos;
			};
			name = Debug;
		};
		7903918C19A6BF1900790372 /* Release */ = {
			isa = XCBuildConfiguration;
			buildSettings = {
				ALWAYS_SEARCH_USER_PATHS = NO;
				CLANG_CXX_LANGUAGE_STANDARD = "gnu++0x";
				CLANG_CXX_LIBRARY = "libc++";
				CLANG_ENABLE_MODULES = YES;
				CLANG_ENABLE_OBJC_ARC = YES;
				CLANG_WARN_BOOL_CONVERSION = YES;
				CLANG_WARN_CONSTANT_CONVERSION = YES;
				CLANG_WARN_DIRECT_OBJC_ISA_USAGE = YES_ERROR;
				CLANG_WARN_EMPTY_BODY = YES;
				CLANG_WARN_ENUM_CONVERSION = YES;
				CLANG_WARN_INT_CONVERSION = YES;
				CLANG_WARN_OBJC_ROOT_CLASS = YES_ERROR;
				CLANG_WARN__DUPLICATE_METHOD_MATCH = YES;
				"CODE_SIGN_IDENTITY[sdk=iphoneos*]" = "iPhone Developer";
				COPY_PHASE_STRIP = YES;
				ENABLE_NS_ASSERTIONS = NO;
				GCC_C_LANGUAGE_STANDARD = gnu99;
				GCC_WARN_64_TO_32_BIT_CONVERSION = YES;
				GCC_WARN_ABOUT_RETURN_TYPE = YES_ERROR;
				GCC_WARN_UNDECLARED_SELECTOR = YES;
				GCC_WARN_UNINITIALIZED_AUTOS = YES_AGGRESSIVE;
				GCC_WARN_UNUSED_FUNCTION = YES;
				GCC_WARN_UNUSED_VARIABLE = YES;
				IPHONEOS_DEPLOYMENT_TARGET = 7.1;
				SDKROOT = iphoneos;
				VALIDATE_PRODUCT = YES;
			};
			name = Release;
		};
		7903918E19A6BF1900790372 /* Debug */ = {
			isa = XCBuildConfiguration;
			baseConfigurationReference = 09425026325F4B6090AB6F2F /* Pods.xcconfig */;
			buildSettings = {
				ASSETCATALOG_COMPILER_APPICON_NAME = AppIcon;
				ASSETCATALOG_COMPILER_LAUNCHIMAGE_NAME = LaunchImage;
				FRAMEWORK_SEARCH_PATHS = (
					"$(inherited)",
					"$(PROJECT_DIR)",
				);
				GCC_PRECOMPILE_PREFIX_HEADER = YES;
				GCC_PREFIX_HEADER = "ProxiMap/ProxiMap-Prefix.pch";
				INFOPLIST_FILE = "ProxiMap/ProxiMap-Info.plist";
				PRODUCT_NAME = "$(TARGET_NAME)";
				WRAPPER_EXTENSION = app;
			};
			name = Debug;
		};
		7903918F19A6BF1900790372 /* Release */ = {
			isa = XCBuildConfiguration;
			baseConfigurationReference = 09425026325F4B6090AB6F2F /* Pods.xcconfig */;
			buildSettings = {
				ASSETCATALOG_COMPILER_APPICON_NAME = AppIcon;
				ASSETCATALOG_COMPILER_LAUNCHIMAGE_NAME = LaunchImage;
				FRAMEWORK_SEARCH_PATHS = (
					"$(inherited)",
					"$(PROJECT_DIR)",
				);
				GCC_PRECOMPILE_PREFIX_HEADER = YES;
				GCC_PREFIX_HEADER = "ProxiMap/ProxiMap-Prefix.pch";
				INFOPLIST_FILE = "ProxiMap/ProxiMap-Info.plist";
				PRODUCT_NAME = "$(TARGET_NAME)";
				WRAPPER_EXTENSION = app;
			};
			name = Release;
		};
		7903919119A6BF1900790372 /* Debug */ = {
			isa = XCBuildConfiguration;
			buildSettings = {
				BUNDLE_LOADER = "$(BUILT_PRODUCTS_DIR)/ProxiMap.app/ProxiMap";
				FRAMEWORK_SEARCH_PATHS = (
					"$(SDKROOT)/Developer/Library/Frameworks",
					"$(inherited)",
					"$(DEVELOPER_FRAMEWORKS_DIR)",
				);
				GCC_PRECOMPILE_PREFIX_HEADER = YES;
				GCC_PREFIX_HEADER = "ProxiMap/ProxiMap-Prefix.pch";
				GCC_PREPROCESSOR_DEFINITIONS = (
					"DEBUG=1",
					"$(inherited)",
				);
				INFOPLIST_FILE = "ProxiMapTests/ProxiMapTests-Info.plist";
				PRODUCT_NAME = "$(TARGET_NAME)";
				TEST_HOST = "$(BUNDLE_LOADER)";
				WRAPPER_EXTENSION = xctest;
			};
			name = Debug;
		};
		7903919219A6BF1900790372 /* Release */ = {
			isa = XCBuildConfiguration;
			buildSettings = {
				BUNDLE_LOADER = "$(BUILT_PRODUCTS_DIR)/ProxiMap.app/ProxiMap";
				FRAMEWORK_SEARCH_PATHS = (
					"$(SDKROOT)/Developer/Library/Frameworks",
					"$(inherited)",
					"$(DEVELOPER_FRAMEWORKS_DIR)",
				);
				GCC_PRECOMPILE_PREFIX_HEADER = YES;
				GCC_PREFIX_HEADER = "ProxiMap/ProxiMap-Prefix.pch";
				INFOPLIST_FILE = "ProxiMapTests/ProxiMapTests-Info.plist";
				PRODUCT_NAME = "$(TARGET_NAME)";
				TEST_HOST = "$(BUNDLE_LOADER)";
				WRAPPER_EXTENSION = xctest;
			};
			name = Release;
		};
/* End XCBuildConfiguration section */

/* Begin XCConfigurationList section */
		7903915619A6BF1900790372 /* Build configuration list for PBXProject "ProxiMap" */ = {
			isa = XCConfigurationList;
			buildConfigurations = (
				7903918B19A6BF1900790372 /* Debug */,
				7903918C19A6BF1900790372 /* Release */,
			);
			defaultConfigurationIsVisible = 0;
			defaultConfigurationName = Release;
		};
		7903918D19A6BF1900790372 /* Build configuration list for PBXNativeTarget "ProxiMap" */ = {
			isa = XCConfigurationList;
			buildConfigurations = (
				7903918E19A6BF1900790372 /* Debug */,
				7903918F19A6BF1900790372 /* Release */,
			);
			defaultConfigurationIsVisible = 0;
			defaultConfigurationName = Release;
		};
		7903919019A6BF1900790372 /* Build configuration list for PBXNativeTarget "ProxiMapTests" */ = {
			isa = XCConfigurationList;
			buildConfigurations = (
				7903919119A6BF1900790372 /* Debug */,
				7903919219A6BF1900790372 /* Release */,
			);
			defaultConfigurationIsVisible = 0;
			defaultConfigurationName = Release;
		};
/* End XCConfigurationList section */
	};
	rootObject = 7903915319A6BF1900790372 /* Project object */;
}
